
Microsoft Visual Studio Solution File, Format Version 12.00
# Visual Studio Version 17
VisualStudioVersion = 17.6.33829.357
MinimumVisualStudioVersion = 10.0.40219.1
Project("{FAE04EC0-301F-11D3-BF4B-00C04F79EFBC}") = "gameCaro", "gameCaro\gameCaro.csproj", "{B8932952-50A6-4BC0-A9AE-0C62F68FF9EA}"
EndProject
Global
	GlobalSection(SolutionConfigurationPlatforms) = preSolution
		Debug|Any CPU = Debug|Any CPU
		Release|Any CPU = Release|Any CPU
	EndGlobalSection
	GlobalSection(ProjectConfigurationPlatforms) = postSolution
		{B8932952-50A6-4BC0-A9AE-0C62F68FF9EA}.Debug|Any CPU.ActiveCfg = Debug|Any CPU
		{B8932952-50A6-4BC0-A9AE-0C62F68FF9EA}.Debug|Any CPU.Build.0 = Debug|Any CPU
		{B8932952-50A6-4BC0-A9AE-0C62F68FF9EA}.Release|Any CPU.ActiveCfg = Release|Any CPU
		{B8932952-50A6-4BC0-A9AE-0C62F68FF9EA}.Release|Any CPU.Build.0 = Release|Any CPU
	EndGlobalSection
	GlobalSection(SolutionProperties) = preSolution
		HideSolutionNode = FALSE
	EndGlobalSection
	GlobalSection(ExtensibilityGlobals) = postSolution
		SolutionGuid = {7D3555B6-04CA-417F-A20E-D1FE4FA4D791}
	EndGlobalSection
EndGlobal
